
Microsoft Visual Studio Solution File, Format Version 12.00
# Visual Studio Version 17
VisualStudioVersion = 17.7.34202.233
MinimumVisualStudioVersion = 10.0.40219.1
Project("{8BC9CEB8-8B4A-11D0-8D11-00A0C91BC942}") = "Quantum", "Quantum\Quantum.vcxproj", "{92170049-57C3-4658-BB4F-E9386E8B2C4A}"
EndProject
Project("{8BC9CEB8-8B4A-11D0-8D11-00A0C91BC942}") = "Runtime", "Runtime\Runtime.vcxproj", "{DA79CF02-F80E-4C1F-913B-6C5BDA4EAFE5}"
EndProject
Project("{2150E333-8FDC-42A3-9474-1A3956D46DE8}") = "Dependencies", "Dependencies", "{7AA7541A-50D3-4E7A-B514-A60E7F98381C}"
EndProject
Project("{8BC9CEB8-8B4A-11D0-8D11-00A0C91BC942}") = "yaml-cpp", "Quantum\Vendor\yaml-cpp.vcxproj", "{8F3B7894-F570-4991-95F3-5AEA7B55AB17}"
EndProject
Project("{8BC9CEB8-8B4A-11D0-8D11-00A0C91BC942}") = "Editor", "Editor\Editor.vcxproj", "{FBB704FA-D58C-4AF9-BC28-3667A380825F}"
EndProject
Project("{8BC9CEB8-8B4A-11D0-8D11-00A0C91BC942}") = "GLFW", "Quantum\Vendor\GLFW.vcxproj", "{52FDC80C-2498-4868-989F-D278E6DB5390}"
EndProject
Project("{8BC9CEB8-8B4A-11D0-8D11-00A0C91BC942}") = "glad", "Quantum\Vendor\glad.vcxproj", "{DB3EE6CE-0F8F-4098-B1E0-2A500DCDDE72}"
EndProject
Project("{8BC9CEB8-8B4A-11D0-8D11-00A0C91BC942}") = "assimp", "Quantum\Vendor\assimp.vcxproj", "{530A3866-1EBD-45BE-A878-896BED950667}"
EndProject
Project("{8BC9CEB8-8B4A-11D0-8D11-00A0C91BC942}") = "ImGui", "Quantum\Vendor\ImGui.vcxproj", "{F6410AF9-AF30-4854-BFD6-BC4B3355211D}"
EndProject
Global
	GlobalSection(SolutionConfigurationPlatforms) = preSolution
		Debug|x64 = Debug|x64
		Test|x64 = Test|x64
	EndGlobalSection
	GlobalSection(ProjectConfigurationPlatforms) = postSolution
		{92170049-57C3-4658-BB4F-E9386E8B2C4A}.Debug|x64.ActiveCfg = Debug|x64
		{92170049-57C3-4658-BB4F-E9386E8B2C4A}.Debug|x64.Build.0 = Debug|x64
		{92170049-57C3-4658-BB4F-E9386E8B2C4A}.Test|x64.ActiveCfg = Test|x64
		{92170049-57C3-4658-BB4F-E9386E8B2C4A}.Test|x64.Build.0 = Test|x64
		{DA79CF02-F80E-4C1F-913B-6C5BDA4EAFE5}.Debug|x64.ActiveCfg = Debug|x64
		{DA79CF02-F80E-4C1F-913B-6C5BDA4EAFE5}.Debug|x64.Build.0 = Debug|x64
		{DA79CF02-F80E-4C1F-913B-6C5BDA4EAFE5}.Test|x64.ActiveCfg = Test|x64
		{DA79CF02-F80E-4C1F-913B-6C5BDA4EAFE5}.Test|x64.Build.0 = Test|x64
		{8F3B7894-F570-4991-95F3-5AEA7B55AB17}.Debug|x64.ActiveCfg = Debug|x64
		{8F3B7894-F570-4991-95F3-5AEA7B55AB17}.Debug|x64.Build.0 = Debug|x64
		{8F3B7894-F570-4991-95F3-5AEA7B55AB17}.Test|x64.ActiveCfg = Test|x64
		{8F3B7894-F570-4991-95F3-5AEA7B55AB17}.Test|x64.Build.0 = Test|x64
		{FBB704FA-D58C-4AF9-BC28-3667A380825F}.Debug|x64.ActiveCfg = Debug|x64
		{FBB704FA-D58C-4AF9-BC28-3667A380825F}.Debug|x64.Build.0 = Debug|x64
		{FBB704FA-D58C-4AF9-BC28-3667A380825F}.Test|x64.ActiveCfg = Test|x64
		{FBB704FA-D58C-4AF9-BC28-3667A380825F}.Test|x64.Build.0 = Test|x64
		{52FDC80C-2498-4868-989F-D278E6DB5390}.Debug|x64.ActiveCfg = Debug|x64
		{52FDC80C-2498-4868-989F-D278E6DB5390}.Debug|x64.Build.0 = Debug|x64
		{52FDC80C-2498-4868-989F-D278E6DB5390}.Test|x64.ActiveCfg = Test|x64
		{52FDC80C-2498-4868-989F-D278E6DB5390}.Test|x64.Build.0 = Test|x64
		{DB3EE6CE-0F8F-4098-B1E0-2A500DCDDE72}.Debug|x64.ActiveCfg = Debug|x64
		{DB3EE6CE-0F8F-4098-B1E0-2A500DCDDE72}.Debug|x64.Build.0 = Debug|x64
		{DB3EE6CE-0F8F-4098-B1E0-2A500DCDDE72}.Test|x64.ActiveCfg = Test|x64
		{DB3EE6CE-0F8F-4098-B1E0-2A500DCDDE72}.Test|x64.Build.0 = Test|x64
		{530A3866-1EBD-45BE-A878-896BED950667}.Debug|x64.ActiveCfg = Debug|x64
		{530A3866-1EBD-45BE-A878-896BED950667}.Debug|x64.Build.0 = Debug|x64
		{530A3866-1EBD-45BE-A878-896BED950667}.Test|x64.ActiveCfg = Test|x64
		{530A3866-1EBD-45BE-A878-896BED950667}.Test|x64.Build.0 = Test|x64
		{F6410AF9-AF30-4854-BFD6-BC4B3355211D}.Debug|x64.ActiveCfg = Debug|x64
		{F6410AF9-AF30-4854-BFD6-BC4B3355211D}.Debug|x64.Build.0 = Debug|x64
		{F6410AF9-AF30-4854-BFD6-BC4B3355211D}.Test|x64.ActiveCfg = Test|x64
		{F6410AF9-AF30-4854-BFD6-BC4B3355211D}.Test|x64.Build.0 = Test|x64
	EndGlobalSection
	GlobalSection(SolutionProperties) = preSolution
		HideSolutionNode = FALSE
	EndGlobalSection
	GlobalSection(NestedProjects) = preSolution
		{8F3B7894-F570-4991-95F3-5AEA7B55AB17} = {7AA7541A-50D3-4E7A-B514-A60E7F98381C}
		{52FDC80C-2498-4868-989F-D278E6DB5390} = {7AA7541A-50D3-4E7A-B514-A60E7F98381C}
		{DB3EE6CE-0F8F-4098-B1E0-2A500DCDDE72} = {7AA7541A-50D3-4E7A-B514-A60E7F98381C}
		{530A3866-1EBD-45BE-A878-896BED950667} = {7AA7541A-50D3-4E7A-B514-A60E7F98381C}
		{F6410AF9-AF30-4854-BFD6-BC4B3355211D} = {7AA7541A-50D3-4E7A-B514-A60E7F98381C}
	EndGlobalSection
	GlobalSection(ExtensibilityGlobals) = postSolution
		SolutionGuid = {0F9CF9CA-42CD-4223-9657-50285B77CA92}
	EndGlobalSection
EndGlobal
